
Microsoft Visual Studio Solution File, Format Version 12.00
# Visual Studio Version 17
VisualStudioVersion = 17.8.34511.84
MinimumVisualStudioVersion = 10.0.40219.1
Project("{FAE04EC0-301F-11D3-BF4B-00C04F79EFBC}") = "StoreMarket", "StoreMarket.csproj", "{9267138D-1BB0-4E69-9FDF-7FD08236113B}"
EndProject
Global
	GlobalSection(SolutionConfigurationPlatforms) = preSolution
		Debug|Any CPU = Debug|Any CPU
		Release|Any CPU = Release|Any CPU
	EndGlobalSection
	GlobalSection(ProjectConfigurationPlatforms) = postSolution
		{9267138D-1BB0-4E69-9FDF-7FD08236113B}.Debug|Any CPU.ActiveCfg = Debug|Any CPU
		{9267138D-1BB0-4E69-9FDF-7FD08236113B}.Debug|Any CPU.Build.0 = Debug|Any CPU
		{9267138D-1BB0-4E69-9FDF-7FD08236113B}.Release|Any CPU.ActiveCfg = Release|Any CPU
		{9267138D-1BB0-4E69-9FDF-7FD08236113B}.Release|Any CPU.Build.0 = Release|Any CPU
	EndGlobalSection
	GlobalSection(SolutionProperties) = preSolution
		HideSolutionNode = FALSE
	EndGlobalSection
	GlobalSection(ExtensibilityGlobals) = postSolution
		SolutionGuid = {B056FB16-AE86-47B5-B8C4-D8C6E859ACA3}
	EndGlobalSection
EndGlobal
